
Microsoft Visual Studio Solution File, Format Version 12.00
# Visual Studio Version 16
VisualStudioVersion = 16.0.29728.190
MinimumVisualStudioVersion = 10.0.40219.1
Project("{E24C65DC-7377-472B-9ABA-BC803B73C61A}") = "WebForm2", "..\WebForm2", "{FFE9EC21-1F42-46F4-AEB8-4584327DD809}"
	ProjectSection(WebsiteProperties) = preProject
		SccProjectName = "SAK"
		SccAuxPath = "SAK"
		SccLocalPath = "SAK"
		SccProvider = "SAK"
		TargetFrameworkMoniker = ".NETFramework,Version%3Dv4.5.2"
		Debug.AspNetCompiler.VirtualPath = "/localhost_64667"
		Debug.AspNetCompiler.PhysicalPath = "..\WebForm2\"
		Debug.AspNetCompiler.TargetPath = "PrecompiledWeb\localhost_64667\"
		Debug.AspNetCompiler.Updateable = "true"
		Debug.AspNetCompiler.ForceOverwrite = "true"
		Debug.AspNetCompiler.FixedNames = "false"
		Debug.AspNetCompiler.Debug = "True"
		Release.AspNetCompiler.VirtualPath = "/localhost_64667"
		Release.AspNetCompiler.PhysicalPath = "..\WebForm2\"
		Release.AspNetCompiler.TargetPath = "PrecompiledWeb\localhost_64667\"
		Release.AspNetCompiler.Updateable = "true"
		Release.AspNetCompiler.ForceOverwrite = "true"
		Release.AspNetCompiler.FixedNames = "false"
		Release.AspNetCompiler.Debug = "False"
		VWDPort = "64667"
		SlnRelativePath = "..\WebForm2\"
	EndProjectSection
EndProject
Global
	GlobalSection(SolutionConfigurationPlatforms) = preSolution
		Debug|Any CPU = Debug|Any CPU
	EndGlobalSection
	GlobalSection(ProjectConfigurationPlatforms) = postSolution
		{FFE9EC21-1F42-46F4-AEB8-4584327DD809}.Debug|Any CPU.ActiveCfg = Debug|Any CPU
		{FFE9EC21-1F42-46F4-AEB8-4584327DD809}.Debug|Any CPU.Build.0 = Debug|Any CPU
	EndGlobalSection
	GlobalSection(SolutionProperties) = preSolution
		HideSolutionNode = FALSE
	EndGlobalSection
	GlobalSection(ExtensibilityGlobals) = postSolution
		SolutionGuid = {C5DFF7C2-E6F7-4DA5-95EB-0A9EF7F72507}
	EndGlobalSection
	GlobalSection(TeamFoundationVersionControl) = preSolution
		SccNumberOfProjects = 2
		SccEnterpriseProvider = {4CA58AB2-18FA-4F8D-95D4-32DDF27D184C}
		SccTeamFoundationServer = http://64.15.147.113:9090/tfs/defaultcollection
		SccLocalPath0 = .
		SccWebProject1 = true
		SccProjectUniqueName1 = .
		SccLocalPath1 = .
		SccProjectEnlistmentChoice1 = 2
	EndGlobalSection
EndGlobal
